<?xml version="1.0" encoding="utf-8"?>
<Project ToolsVersion="16.0" xmlns="http://schemas.microsoft.com/developer/msbuild/2003">
  <ItemGroup>
    <ClCompile Include="D:\semen\games\cocos2d-x_projects\airhockey\Classes\AppDelegate.cpp">
      <Filter>Source Files\Classes</Filter>
    </ClCompile>
    <ClCompile Include="D:\semen\games\cocos2d-x_projects\airhockey\Classes\GameScene.cpp">
      <Filter>Source Files\Classes</Filter>
    </ClCompile>
    <ClCompile Include="D:\semen\games\cocos2d-x_projects\airhockey\Classes\Paddle.cpp">
      <Filter>Source Files\Classes</Filter>
    </ClCompile>
    <ClCompile Include="D:\semen\games\cocos2d-x_projects\airhockey\Classes\PlayerInputController.cpp">
      <Filter>Source Files\Classes</Filter>
    </ClCompile>
    <ClCompile Include="D:\semen\games\cocos2d-x_projects\airhockey\Classes\KeyboardInputController.cpp">
      <Filter>Source Files\Classes</Filter>
    </ClCompile>
    <ClCompile Include="D:\semen\games\cocos2d-x_projects\airhockey\Classes\MouseInputController.cpp">
      <Filter>Source Files\Classes</Filter>
    </ClCompile>
    <ClCompile Include="D:\semen\games\cocos2d-x_projects\airhockey\Classes\TouchInputController.cpp">
      <Filter>Source Files\Classes</Filter>
    </ClCompile>
    <ClCompile Include="D:\semen\games\cocos2d-x_projects\airhockey\Classes\AIInputController.cpp">
      <Filter>Source Files\Classes</Filter>
    </ClCompile>
    <ClCompile Include="D:\semen\games\cocos2d-x_projects\airhockey\Classes\AIAttackState.cpp">
      <Filter>Source Files\Classes</Filter>
    </ClCompile>
    <ClCompile Include="D:\semen\games\cocos2d-x_projects\airhockey\Classes\AIDefenseState.cpp">
      <Filter>Source Files\Classes</Filter>
    </ClCompile>
    <ClCompile Include="D:\semen\games\cocos2d-x_projects\airhockey\Classes\AIIdleState.cpp">
      <Filter>Source Files\Classes</Filter>
    </ClCompile>
    <ClCompile Include="D:\semen\games\cocos2d-x_projects\airhockey\Classes\FSMContext.cpp">
      <Filter>Source Files\Classes</Filter>
    </ClCompile>
    <ClCompile Include="D:\semen\games\cocos2d-x_projects\airhockey\Classes\GameEndLayer.cpp">
      <Filter>Source Files\Classes</Filter>
    </ClCompile>
    <ClCompile Include="D:\semen\games\cocos2d-x_projects\airhockey\Classes\GameField.cpp">
      <Filter>Source Files\Classes</Filter>
    </ClCompile>
    <ClCompile Include="D:\semen\games\cocos2d-x_projects\airhockey\Classes\GameMenuLayer.cpp">
      <Filter>Source Files\Classes</Filter>
    </ClCompile>
    <ClCompile Include="D:\semen\games\cocos2d-x_projects\airhockey\Classes\UIButtonMenu.cpp">
      <Filter>Source Files\Classes</Filter>
    </ClCompile>
    <ClCompile Include="D:\semen\games\cocos2d-x_projects\airhockey\Classes\AIPlayer.cpp">
      <Filter>Source Files\Classes</Filter>
    </ClCompile>
    <ClCompile Include="D:\semen\games\cocos2d-x_projects\airhockey\Classes\CCHelpers.cpp">
      <Filter>Source Files\Classes</Filter>
    </ClCompile>
    <ClCompile Include="D:\semen\games\cocos2d-x_projects\airhockey\Classes\DebugLogger.cpp">
      <Filter>Source Files\Classes</Filter>
    </ClCompile>
    <ClCompile Include="D:\semen\games\cocos2d-x_projects\airhockey\Classes\GlobalSettings.cpp">
      <Filter>Source Files\Classes</Filter>
    </ClCompile>
    <ClCompile Include="D:\semen\games\cocos2d-x_projects\airhockey\Classes\MainMenuScene.cpp">
      <Filter>Source Files\Classes</Filter>
    </ClCompile>
    <ClCompile Include="D:\semen\games\cocos2d-x_projects\airhockey\Classes\MainMenuSettingsLayer.cpp">
      <Filter>Source Files\Classes</Filter>
    </ClCompile>
    <ClCompile Include="D:\semen\games\cocos2d-x_projects\airhockey\Classes\Physics.cpp">
      <Filter>Source Files\Classes</Filter>
    </ClCompile>
    <ClCompile Include="D:\semen\games\cocos2d-x_projects\airhockey\Classes\Sound.cpp">
      <Filter>Source Files\Classes</Filter>
    </ClCompile>
    <ClCompile Include="D:\semen\games\cocos2d-x_projects\airhockey\Classes\UISettings.cpp">
      <Filter>Source Files\Classes</Filter>
    </ClCompile>
    <ClCompile Include="D:\semen\games\cocos2d-x_projects\airhockey\Classes\GameScene_VFX.cpp">
      <Filter>Source Files\Classes</Filter>
    </ClCompile>
    <ClCompile Include="D:\semen\games\cocos2d-x_projects\airhockey\proj.win32\main.cpp">
      <Filter>Source Files\proj.win32</Filter>
    </ClCompile>
    <ClCompile Include="D:\semen\games\cocos2d-x_projects\airhockey\cocos2d\cocos\precheader.cpp">
      <Filter>Source Files</Filter>
    </ClCompile>
  </ItemGroup>
  <ItemGroup>
    <ClInclude Include="D:\semen\games\cocos2d-x_projects\airhockey\Classes\AppDelegate.h">
      <Filter>Source Files\Classes</Filter>
    </ClInclude>
    <ClInclude Include="D:\semen\games\cocos2d-x_projects\airhockey\Classes\GameScene.h">
      <Filter>Source Files\Classes</Filter>
    </ClInclude>
    <ClInclude Include="D:\semen\games\cocos2d-x_projects\airhockey\Classes\Paddle.h">
      <Filter>Source Files\Classes</Filter>
    </ClInclude>
    <ClInclude Include="D:\semen\games\cocos2d-x_projects\airhockey\Classes\PlayerInputController.h">
      <Filter>Source Files\Classes</Filter>
    </ClInclude>
    <ClInclude Include="D:\semen\games\cocos2d-x_projects\airhockey\Classes\KeyboardInputController.h">
      <Filter>Source Files\Classes</Filter>
    </ClInclude>
    <ClInclude Include="D:\semen\games\cocos2d-x_projects\airhockey\Classes\MouseInputController.h">
      <Filter>Source Files\Classes</Filter>
    </ClInclude>
    <ClInclude Include="D:\semen\games\cocos2d-x_projects\airhockey\Classes\TouchInputController.h">
      <Filter>Source Files\Classes</Filter>
    </ClInclude>
    <ClInclude Include="D:\semen\games\cocos2d-x_projects\airhockey\Classes\AIInputController.h">
      <Filter>Source Files\Classes</Filter>
    </ClInclude>
    <ClInclude Include="D:\semen\games\cocos2d-x_projects\airhockey\Classes\GameLevel.h">
      <Filter>Source Files\Classes</Filter>
    </ClInclude>
    <ClInclude Include="D:\semen\games\cocos2d-x_projects\airhockey\Classes\AIAttackState.h">
      <Filter>Source Files\Classes</Filter>
    </ClInclude>
    <ClInclude Include="D:\semen\games\cocos2d-x_projects\airhockey\Classes\AIDefenseState.h">
      <Filter>Source Files\Classes</Filter>
    </ClInclude>
    <ClInclude Include="D:\semen\games\cocos2d-x_projects\airhockey\Classes\AIIdleState.h">
      <Filter>Source Files\Classes</Filter>
    </ClInclude>
    <ClInclude Include="D:\semen\games\cocos2d-x_projects\airhockey\Classes\AINullState.h">
      <Filter>Source Files\Classes</Filter>
    </ClInclude>
    <ClInclude Include="D:\semen\games\cocos2d-x_projects\airhockey\Classes\FSMContext.h">
      <Filter>Source Files\Classes</Filter>
    </ClInclude>
    <ClInclude Include="D:\semen\games\cocos2d-x_projects\airhockey\Classes\GameEndLayer.h">
      <Filter>Source Files\Classes</Filter>
    </ClInclude>
    <ClInclude Include="D:\semen\games\cocos2d-x_projects\airhockey\Classes\GameField.h">
      <Filter>Source Files\Classes</Filter>
    </ClInclude>
    <ClInclude Include="D:\semen\games\cocos2d-x_projects\airhockey\Classes\GameMenuLayer.h">
      <Filter>Source Files\Classes</Filter>
    </ClInclude>
    <ClInclude Include="D:\semen\games\cocos2d-x_projects\airhockey\Classes\IFSMState.h">
      <Filter>Source Files\Classes</Filter>
    </ClInclude>
    <ClInclude Include="D:\semen\games\cocos2d-x_projects\airhockey\Classes\UIButtonMenu.h">
      <Filter>Source Files\Classes</Filter>
    </ClInclude>
    <ClInclude Include="D:\semen\games\cocos2d-x_projects\airhockey\Classes\UISettings.h">
      <Filter>Source Files\Classes</Filter>
    </ClInclude>
    <ClInclude Include="D:\semen\games\cocos2d-x_projects\airhockey\Classes\AIPlayer.h">
      <Filter>Source Files\Classes</Filter>
    </ClInclude>
    <ClInclude Include="D:\semen\games\cocos2d-x_projects\airhockey\Classes\AIPlayerSettings.h">
      <Filter>Source Files\Classes</Filter>
    </ClInclude>
    <ClInclude Include="D:\semen\games\cocos2d-x_projects\airhockey\Classes\AirHockey_fwd.h">
      <Filter>Source Files\Classes</Filter>
    </ClInclude>
    <ClInclude Include="D:\semen\games\cocos2d-x_projects\airhockey\Classes\CCHelpers.h">
      <Filter>Source Files\Classes</Filter>
    </ClInclude>
    <ClInclude Include="D:\semen\games\cocos2d-x_projects\airhockey\Classes\DebugLogger.h">
      <Filter>Source Files\Classes</Filter>
    </ClInclude>
    <ClInclude Include="D:\semen\games\cocos2d-x_projects\airhockey\Classes\GlobalSettings.h">
      <Filter>Source Files\Classes</Filter>
    </ClInclude>
    <ClInclude Include="D:\semen\games\cocos2d-x_projects\airhockey\Classes\MainMenuScene.h">
      <Filter>Source Files\Classes</Filter>
    </ClInclude>
    <ClInclude Include="D:\semen\games\cocos2d-x_projects\airhockey\Classes\MainMenuSettingsLayer.h">
      <Filter>Source Files\Classes</Filter>
    </ClInclude>
    <ClInclude Include="D:\semen\games\cocos2d-x_projects\airhockey\Classes\Physics.h">
      <Filter>Source Files\Classes</Filter>
    </ClInclude>
    <ClInclude Include="D:\semen\games\cocos2d-x_projects\airhockey\Classes\Sound.h">
      <Filter>Source Files\Classes</Filter>
    </ClInclude>
    <ClInclude Include="D:\semen\games\cocos2d-x_projects\airhockey\Classes\GameScene_VFX.h">
      <Filter>Source Files\Classes</Filter>
    </ClInclude>
    <ClInclude Include="D:\semen\games\cocos2d-x_projects\airhockey\proj.win32\main.h">
      <Filter>Source Files\proj.win32</Filter>
    </ClInclude>
    <ClInclude Include="D:\semen\games\cocos2d-x_projects\airhockey\proj.win32\resource.h">
      <Filter>Source Files\proj.win32</Filter>
    </ClInclude>
    <ClInclude Include="D:\semen\games\cocos2d-x_projects\airhockey\Resources\HD\paddle_gimp.png">
      <Filter>Resources\HD</Filter>
    </ClInclude>
    <ClInclude Include="D:\semen\games\cocos2d-x_projects\airhockey\Resources\HD\pause.png">
      <Filter>Resources\HD</Filter>
    </ClInclude>
    <ClInclude Include="D:\semen\games\cocos2d-x_projects\airhockey\Resources\HD\pause_pressed.png">
      <Filter>Resources\HD</Filter>
    </ClInclude>
    <ClInclude Include="D:\semen\games\cocos2d-x_projects\airhockey\Resources\HD\puck.png">
      <Filter>Resources\HD</Filter>
    </ClInclude>
    <ClInclude Include="D:\semen\games\cocos2d-x_projects\airhockey\Resources\HD\streak.png">
      <Filter>Resources\HD</Filter>
    </ClInclude>
    <ClInclude Include="D:\semen\games\cocos2d-x_projects\airhockey\Resources\HD\ui\audioOff.png">
      <Filter>Resources\HD\ui</Filter>
    </ClInclude>
    <ClInclude Include="D:\semen\games\cocos2d-x_projects\airhockey\Resources\HD\ui\audioOff_pressed.png">
      <Filter>Resources\HD\ui</Filter>
    </ClInclude>
    <ClInclude Include="D:\semen\games\cocos2d-x_projects\airhockey\Resources\HD\ui\audioOn.png">
      <Filter>Resources\HD\ui</Filter>
    </ClInclude>
    <ClInclude Include="D:\semen\games\cocos2d-x_projects\airhockey\Resources\HD\ui\audioOn_pressed.png">
      <Filter>Resources\HD\ui</Filter>
    </ClInclude>
    <ClInclude Include="D:\semen\games\cocos2d-x_projects\airhockey\Resources\HD\ui\button_frame.png">
      <Filter>Resources\HD\ui</Filter>
    </ClInclude>
    <ClInclude Include="D:\semen\games\cocos2d-x_projects\airhockey\Resources\HD\ui\cross.png">
      <Filter>Resources\HD\ui</Filter>
    </ClInclude>
    <ClInclude Include="D:\semen\games\cocos2d-x_projects\airhockey\Resources\HD\ui\exit.png">
      <Filter>Resources\HD\ui</Filter>
    </ClInclude>
    <ClInclude Include="D:\semen\games\cocos2d-x_projects\airhockey\Resources\HD\ui\exitRight.png">
      <Filter>Resources\HD\ui</Filter>
    </ClInclude>
    <ClInclude Include="D:\semen\games\cocos2d-x_projects\airhockey\Resources\HD\ui\exitRight_pressed.png">
      <Filter>Resources\HD\ui</Filter>
    </ClInclude>
    <ClInclude Include="D:\semen\games\cocos2d-x_projects\airhockey\Resources\HD\ui\exit_pressed.png">
      <Filter>Resources\HD\ui</Filter>
    </ClInclude>
    <ClInclude Include="D:\semen\games\cocos2d-x_projects\airhockey\Resources\HD\ui\gear.png">
      <Filter>Resources\HD\ui</Filter>
    </ClInclude>
    <ClInclude Include="D:\semen\games\cocos2d-x_projects\airhockey\Resources\HD\ui\gear_pressed.png">
      <Filter>Resources\HD\ui</Filter>
    </ClInclude>
    <ClInclude Include="D:\semen\games\cocos2d-x_projects\airhockey\Resources\HD\ui\home.png">
      <Filter>Resources\HD\ui</Filter>
    </ClInclude>
    <ClInclude Include="D:\semen\games\cocos2d-x_projects\airhockey\Resources\HD\ui\home_pressed.png">
      <Filter>Resources\HD\ui</Filter>
    </ClInclude>
    <ClInclude Include="D:\semen\games\cocos2d-x_projects\airhockey\Resources\HD\ui\pause.png">
      <Filter>Resources\HD\ui</Filter>
    </ClInclude>
    <ClInclude Include="D:\semen\games\cocos2d-x_projects\airhockey\Resources\HD\ui\pause_pressed.png">
      <Filter>Resources\HD\ui</Filter>
    </ClInclude>
    <ClInclude Include="D:\semen\games\cocos2d-x_projects\airhockey\Resources\HD\ui\retry.png">
      <Filter>Resources\HD\ui</Filter>
    </ClInclude>
    <ClInclude Include="D:\semen\games\cocos2d-x_projects\airhockey\Resources\HD\ui\retry_pressed.png">
      <Filter>Resources\HD\ui</Filter>
    </ClInclude>
    <ClInclude Include="D:\semen\games\cocos2d-x_projects\airhockey\Resources\HD\ui\right.png">
      <Filter>Resources\HD\ui</Filter>
    </ClInclude>
    <ClInclude Include="D:\semen\games\cocos2d-x_projects\airhockey\Resources\HD\ui\right_pressed.png">
      <Filter>Resources\HD\ui</Filter>
    </ClInclude>
    <ClInclude Include="D:\semen\games\cocos2d-x_projects\airhockey\Resources\HD\ui\vfx.png">
      <Filter>Resources\HD\ui</Filter>
    </ClInclude>
    <ClInclude Include="D:\semen\games\cocos2d-x_projects\airhockey\Resources\fonts\Abduction.ttf">
      <Filter>Resources\fonts</Filter>
    </ClInclude>
    <ClInclude Include="D:\semen\games\cocos2d-x_projects\airhockey\Resources\fonts\Marker Felt.ttf">
      <Filter>Resources\fonts</Filter>
    </ClInclude>
    <ClInclude Include="D:\semen\games\cocos2d-x_projects\airhockey\Resources\fonts\RetronoidItalic-ln9V.ttf">
      <Filter>Resources\fonts</Filter>
    </ClInclude>
    <ClInclude Include="D:\semen\games\cocos2d-x_projects\airhockey\Resources\sound\background.mp3">
      <Filter>Resources\sound</Filter>
    </ClInclude>
    <ClInclude Include="D:\semen\games\cocos2d-x_projects\airhockey\Resources\sound\button_click.mp3">
      <Filter>Resources\sound</Filter>
    </ClInclude>
    <ClInclude Include="D:\semen\games\cocos2d-x_projects\airhockey\Resources\sound\buzz.mp3">
      <Filter>Resources\sound</Filter>
    </ClInclude>
    <ClInclude Include="D:\semen\games\cocos2d-x_projects\airhockey\Resources\sound\collide_puck_paddle3.mp3">
      <Filter>Resources\sound</Filter>
    </ClInclude>
    <ClInclude Include="D:\semen\games\cocos2d-x_projects\airhockey\Resources\sound\collide_puck_walls3.mp3">
      <Filter>Resources\sound</Filter>
    </ClInclude>
    <ClInclude Include="D:\semen\games\cocos2d-x_projects\airhockey\Resources\sound\lose.mp3">
      <Filter>Resources\sound</Filter>
    </ClInclude>
    <ClInclude Include="D:\semen\games\cocos2d-x_projects\airhockey\Resources\sound\organ1.mp3">
      <Filter>Resources\sound</Filter>
    </ClInclude>
    <ClInclude Include="D:\semen\games\cocos2d-x_projects\airhockey\Resources\sound\organ2.mp3">
      <Filter>Resources\sound</Filter>
    </ClInclude>
    <ClInclude Include="D:\semen\games\cocos2d-x_projects\airhockey\Resources\sound\organ3.mp3">
      <Filter>Resources\sound</Filter>
    </ClInclude>
    <ClInclude Include="D:\semen\games\cocos2d-x_projects\airhockey\Resources\sound\puck_fall_goal.mp3">
      <Filter>Resources\sound</Filter>
    </ClInclude>
    <ClInclude Include="D:\semen\games\cocos2d-x_projects\airhockey\Resources\sound\win.mp3">
      <Filter>Resources\sound</Filter>
    </ClInclude>
    <ClInclude Include="D:\semen\games\cocos2d-x_projects\airhockey\Resources\vfx\Flower.plist">
      <Filter>Resources\vfx</Filter>
    </ClInclude>
    <ClInclude Include="D:\semen\games\cocos2d-x_projects\airhockey\Resources\vfx\star.png">
      <Filter>Resources\vfx</Filter>
    </ClInclude>
  </ItemGroup>
  <ItemGroup>
    <CustomBuild Include="D:\semen\games\cocos2d-x_projects\airhockey\CMakeLists.txt" />
  </ItemGroup>
  <ItemGroup>
    <ResourceCompile Include="D:\semen\games\cocos2d-x_projects\airhockey\proj.win32\game.rc">
      <Filter>Source Files\proj.win32</Filter>
    </ResourceCompile>
  </ItemGroup>
  <ItemGroup>
    <Filter Include="Resources">
      <UniqueIdentifier>{28189BD9-6C57-3C09-9CFC-C90A91D64684}</UniqueIdentifier>
    </Filter>
    <Filter Include="Resources\HD">
      <UniqueIdentifier>{685DE461-055E-336D-9D34-830D5F56C688}</UniqueIdentifier>
    </Filter>
    <Filter Include="Resources\HD\ui">
      <UniqueIdentifier>{13027669-AF2E-3D38-BB2E-EAE5B4DCB053}</UniqueIdentifier>
    </Filter>
    <Filter Include="Resources\fonts">
      <UniqueIdentifier>{ED5EB285-F434-3338-B214-7496DC0BF695}</UniqueIdentifier>
    </Filter>
    <Filter Include="Resources\sound">
      <UniqueIdentifier>{A5177625-CA27-3BFE-AAC7-820A675EF483}</UniqueIdentifier>
    </Filter>
    <Filter Include="Resources\vfx">
      <UniqueIdentifier>{C5E3E9C5-F5BA-3E0D-80A8-D9DDA3E87DBE}</UniqueIdentifier>
    </Filter>
    <Filter Include="Source Files">
      <UniqueIdentifier>{16F1C41A-43A6-320C-BE04-2039A9D7007E}</UniqueIdentifier>
    </Filter>
    <Filter Include="Source Files\Classes">
      <UniqueIdentifier>{44E360C3-ABEE-3794-A8DB-FD7F27872C89}</UniqueIdentifier>
    </Filter>
    <Filter Include="Source Files\proj.win32">
      <UniqueIdentifier>{DCD8C1C4-C612-33B5-91C0-AACC56B21700}</UniqueIdentifier>
    </Filter>
  </ItemGroup>
</Project>
