<?xml version="1.0" encoding="utf-8"?>
<Project ToolsVersion="16.0" xmlns="http://schemas.microsoft.com/developer/msbuild/2003">
  <ItemGroup>
    <ClCompile Include="D:\semen\games\cocos2d-x_projects\airhockey\Classes\AppDelegate.cpp">
      <Filter>Source Files\Classes</Filter>
    </ClCompile>
    <ClCompile Include="D:\semen\games\cocos2d-x_projects\airhockey\Classes\HelloWorldScene.cpp">
      <Filter>Source Files\Classes</Filter>
    </ClCompile>
    <ClCompile Include="D:\semen\games\cocos2d-x_projects\airhockey\Classes\GameScene.cpp">
      <Filter>Source Files\Classes</Filter>
    </ClCompile>
    <ClCompile Include="D:\semen\games\cocos2d-x_projects\airhockey\Classes\Paddle.cpp">
      <Filter>Source Files\Classes</Filter>
    </ClCompile>
    <ClCompile Include="D:\semen\games\cocos2d-x_projects\airhockey\Classes\PlayerInputController.cpp">
      <Filter>Source Files\Classes</Filter>
    </ClCompile>
    <ClCompile Include="D:\semen\games\cocos2d-x_projects\airhockey\Classes\KeyboardInputController.cpp">
      <Filter>Source Files\Classes</Filter>
    </ClCompile>
    <ClCompile Include="D:\semen\games\cocos2d-x_projects\airhockey\Classes\MouseInputController.cpp">
      <Filter>Source Files\Classes</Filter>
    </ClCompile>
    <ClCompile Include="D:\semen\games\cocos2d-x_projects\airhockey\Classes\TouchInputController.cpp">
      <Filter>Source Files\Classes</Filter>
    </ClCompile>
    <ClCompile Include="D:\semen\games\cocos2d-x_projects\airhockey\Classes\AIInputController.cpp">
      <Filter>Source Files\Classes</Filter>
    </ClCompile>
    <ClCompile Include="D:\semen\games\cocos2d-x_projects\airhockey\proj.win32\main.cpp">
      <Filter>Source Files\proj.win32</Filter>
    </ClCompile>
    <ClCompile Include="D:\semen\games\cocos2d-x_projects\airhockey\cocos2d\cocos\precheader.cpp">
      <Filter>Source Files</Filter>
    </ClCompile>
    <ClCompile Include="..\Classes\GameField.cpp">
      <Filter>Source Files\Classes</Filter>
    </ClCompile>
    <ClCompile Include="..\Classes\GameMenuLayer.cpp">
      <Filter>Source Files\Classes</Filter>
    </ClCompile>
    <ClCompile Include="..\Classes\UIButtonMenu.cpp">
      <Filter>Source Files\Classes</Filter>
    </ClCompile>
    <ClCompile Include="..\Classes\GameEndLayer.cpp">
      <Filter>Source Files\Classes</Filter>
    </ClCompile>
  </ItemGroup>
  <ItemGroup>
    <ClInclude Include="D:\semen\games\cocos2d-x_projects\airhockey\Classes\AppDelegate.h">
      <Filter>Source Files\Classes</Filter>
    </ClInclude>
    <ClInclude Include="D:\semen\games\cocos2d-x_projects\airhockey\Classes\HelloWorldScene.h">
      <Filter>Source Files\Classes</Filter>
    </ClInclude>
    <ClInclude Include="D:\semen\games\cocos2d-x_projects\airhockey\Classes\GameScene.h">
      <Filter>Source Files\Classes</Filter>
    </ClInclude>
    <ClInclude Include="D:\semen\games\cocos2d-x_projects\airhockey\Classes\Paddle.h">
      <Filter>Source Files\Classes</Filter>
    </ClInclude>
    <ClInclude Include="D:\semen\games\cocos2d-x_projects\airhockey\Classes\PlayerInputController.h">
      <Filter>Source Files\Classes</Filter>
    </ClInclude>
    <ClInclude Include="D:\semen\games\cocos2d-x_projects\airhockey\Classes\KeyboardInputController.h">
      <Filter>Source Files\Classes</Filter>
    </ClInclude>
    <ClInclude Include="D:\semen\games\cocos2d-x_projects\airhockey\Classes\MouseInputController.h">
      <Filter>Source Files\Classes</Filter>
    </ClInclude>
    <ClInclude Include="D:\semen\games\cocos2d-x_projects\airhockey\Classes\TouchInputController.h">
      <Filter>Source Files\Classes</Filter>
    </ClInclude>
    <ClInclude Include="D:\semen\games\cocos2d-x_projects\airhockey\Classes\AIInputController.h">
      <Filter>Source Files\Classes</Filter>
    </ClInclude>
    <ClInclude Include="D:\semen\games\cocos2d-x_projects\airhockey\Classes\GameLevel.h">
      <Filter>Source Files\Classes</Filter>
    </ClInclude>
    <ClInclude Include="D:\semen\games\cocos2d-x_projects\airhockey\proj.win32\main.h">
      <Filter>Source Files\proj.win32</Filter>
    </ClInclude>
    <ClInclude Include="D:\semen\games\cocos2d-x_projects\airhockey\proj.win32\resource.h">
      <Filter>Source Files\proj.win32</Filter>
    </ClInclude>
    <ClInclude Include="D:\semen\games\cocos2d-x_projects\airhockey\Resources\540_960_back.png">
      <Filter>Resources</Filter>
    </ClInclude>
    <ClInclude Include="D:\semen\games\cocos2d-x_projects\airhockey\Resources\CloseNormal.png">
      <Filter>Resources</Filter>
    </ClInclude>
    <ClInclude Include="D:\semen\games\cocos2d-x_projects\airhockey\Resources\CloseSelected.png">
      <Filter>Resources</Filter>
    </ClInclude>
    <ClInclude Include="D:\semen\games\cocos2d-x_projects\airhockey\Resources\HD\HelloWorld.png">
      <Filter>Resources\HD</Filter>
    </ClInclude>
    <ClInclude Include="D:\semen\games\cocos2d-x_projects\airhockey\Resources\HD\paddle.png">
      <Filter>Resources\HD</Filter>
    </ClInclude>
    <ClInclude Include="D:\semen\games\cocos2d-x_projects\airhockey\Resources\fonts\Marker Felt.ttf">
      <Filter>Resources\fonts</Filter>
    </ClInclude>
    <ClInclude Include="D:\semen\games\cocos2d-x_projects\airhockey\Resources\fonts\arial.ttf">
      <Filter>Resources\fonts</Filter>
    </ClInclude>
    <ClInclude Include="D:\semen\games\cocos2d-x_projects\airhockey\Resources\res\.gitkeep">
      <Filter>Resources\res</Filter>
    </ClInclude>
    <ClInclude Include="..\Classes\GameField.h">
      <Filter>Source Files\Classes</Filter>
    </ClInclude>
    <ClInclude Include="..\Classes\GameMenuLayer.h">
      <Filter>Source Files\Classes</Filter>
    </ClInclude>
    <ClInclude Include="..\Classes\UISettings.h">
      <Filter>Source Files\Classes</Filter>
    </ClInclude>
    <ClInclude Include="..\Classes\UIButtonMenu.h">
      <Filter>Source Files\Classes</Filter>
    </ClInclude>
    <ClInclude Include="..\Classes\GameEndLayer.h">
      <Filter>Source Files\Classes</Filter>
    </ClInclude>
  </ItemGroup>
  <ItemGroup>
    <CustomBuild Include="D:\semen\games\cocos2d-x_projects\airhockey\CMakeLists.txt" />
  </ItemGroup>
  <ItemGroup>
    <ResourceCompile Include="D:\semen\games\cocos2d-x_projects\airhockey\proj.win32\game.rc">
      <Filter>Source Files\proj.win32</Filter>
    </ResourceCompile>
  </ItemGroup>
  <ItemGroup>
    <Filter Include="Resources">
      <UniqueIdentifier>{28189BD9-6C57-3C09-9CFC-C90A91D64684}</UniqueIdentifier>
    </Filter>
    <Filter Include="Resources\HD">
      <UniqueIdentifier>{685DE461-055E-336D-9D34-830D5F56C688}</UniqueIdentifier>
    </Filter>
    <Filter Include="Resources\fonts">
      <UniqueIdentifier>{ED5EB285-F434-3338-B214-7496DC0BF695}</UniqueIdentifier>
    </Filter>
    <Filter Include="Resources\res">
      <UniqueIdentifier>{D5258167-8011-37E7-8AED-815ED41A360F}</UniqueIdentifier>
    </Filter>
    <Filter Include="Source Files">
      <UniqueIdentifier>{16F1C41A-43A6-320C-BE04-2039A9D7007E}</UniqueIdentifier>
    </Filter>
    <Filter Include="Source Files\Classes">
      <UniqueIdentifier>{44E360C3-ABEE-3794-A8DB-FD7F27872C89}</UniqueIdentifier>
    </Filter>
    <Filter Include="Source Files\proj.win32">
      <UniqueIdentifier>{DCD8C1C4-C612-33B5-91C0-AACC56B21700}</UniqueIdentifier>
    </Filter>
  </ItemGroup>
</Project>