
Microsoft Visual Studio Solution File, Format Version 12.00
# Visual Studio Version 16
Project("{2150E333-8FDC-42A3-9474-1A3956D46DE8}") = "CMakePredefinedTargets", "CMakePredefinedTargets", "{9B0BFE13-0AB8-3C12-8F1D-30027BE1E070}"
EndProject
Project("{2150E333-8FDC-42A3-9474-1A3956D46DE8}") = "External", "External", "{4C14D541-AB69-3CB1-B494-9E21BA14861C}"
EndProject
Project("{2150E333-8FDC-42A3-9474-1A3956D46DE8}") = "Internal", "Internal", "{F7C9B7CD-B298-3D3E-930D-C26526B0D432}"
EndProject
Project("{2150E333-8FDC-42A3-9474-1A3956D46DE8}") = "Utils", "Utils", "{4465714E-82BB-3851-AC6F-1B2112C52996}"
EndProject
Project("{8BC9CEB8-8B4A-11D0-8D11-00A0C91BC942}") = "ALL_BUILD", "ALL_BUILD.vcxproj", "{29D57B14-5247-3761-875B-544193A28881}"
	ProjectSection(ProjectDependencies) = postProject
		{DC3F1E44-31AE-3619-A260-E90AF9DB7BFD} = {DC3F1E44-31AE-3619-A260-E90AF9DB7BFD}
		{72A23790-F6A6-3B0C-804E-0CF51ADC3A64} = {72A23790-F6A6-3B0C-804E-0CF51ADC3A64}
		{03260A89-ED16-37F8-B523-B903F752AB25} = {03260A89-ED16-37F8-B523-B903F752AB25}
		{25D74D7B-A4C0-3386-AD87-68324A65ADC1} = {25D74D7B-A4C0-3386-AD87-68324A65ADC1}
		{BD822218-BA25-312A-BCF1-62A082531591} = {BD822218-BA25-312A-BCF1-62A082531591}
		{4D102DDE-2C2E-377F-8747-0A4060841D99} = {4D102DDE-2C2E-377F-8747-0A4060841D99}
		{CBEDB429-5019-3E25-9DFD-61DC88A73245} = {CBEDB429-5019-3E25-9DFD-61DC88A73245}
		{9DE35949-AE23-37EF-86E3-8D30084A5293} = {9DE35949-AE23-37EF-86E3-8D30084A5293}
		{00F55612-ECA0-358A-BB0B-6F5E95C861BD} = {00F55612-ECA0-358A-BB0B-6F5E95C861BD}
		{2B8FD71F-8BB2-384E-8C75-5CA7BC16A8DB} = {2B8FD71F-8BB2-384E-8C75-5CA7BC16A8DB}
		{BAB47A2F-CDBB-39F2-9016-4041637EC0D5} = {BAB47A2F-CDBB-39F2-9016-4041637EC0D5}
		{9FB61E38-713C-323E-BB15-E219883285B8} = {9FB61E38-713C-323E-BB15-E219883285B8}
		{C3F40B87-E901-388F-9918-93EB4103FE57} = {C3F40B87-E901-388F-9918-93EB4103FE57}
		{DECBA443-D9A9-3DD6-91B2-11A2109FC344} = {DECBA443-D9A9-3DD6-91B2-11A2109FC344}
		{C49CC758-FC67-3CA1-A433-47B61F16E24C} = {C49CC758-FC67-3CA1-A433-47B61F16E24C}
	EndProjectSection
EndProject
Project("{8BC9CEB8-8B4A-11D0-8D11-00A0C91BC942}") = "SYNC_RESOURCE-airhockey", "SYNC_RESOURCE-airhockey.vcxproj", "{DC3F1E44-31AE-3619-A260-E90AF9DB7BFD}"
	ProjectSection(ProjectDependencies) = postProject
		{72A23790-F6A6-3B0C-804E-0CF51ADC3A64} = {72A23790-F6A6-3B0C-804E-0CF51ADC3A64}
	EndProjectSection
EndProject
Project("{8BC9CEB8-8B4A-11D0-8D11-00A0C91BC942}") = "ZERO_CHECK", "ZERO_CHECK.vcxproj", "{72A23790-F6A6-3B0C-804E-0CF51ADC3A64}"
	ProjectSection(ProjectDependencies) = postProject
	EndProjectSection
EndProject
Project("{8BC9CEB8-8B4A-11D0-8D11-00A0C91BC942}") = "airhockey", "airhockey.vcxproj", "{03260A89-ED16-37F8-B523-B903F752AB25}"
	ProjectSection(ProjectDependencies) = postProject
		{DC3F1E44-31AE-3619-A260-E90AF9DB7BFD} = {DC3F1E44-31AE-3619-A260-E90AF9DB7BFD}
		{72A23790-F6A6-3B0C-804E-0CF51ADC3A64} = {72A23790-F6A6-3B0C-804E-0CF51ADC3A64}
		{25D74D7B-A4C0-3386-AD87-68324A65ADC1} = {25D74D7B-A4C0-3386-AD87-68324A65ADC1}
		{BD822218-BA25-312A-BCF1-62A082531591} = {BD822218-BA25-312A-BCF1-62A082531591}
		{4D102DDE-2C2E-377F-8747-0A4060841D99} = {4D102DDE-2C2E-377F-8747-0A4060841D99}
		{CBEDB429-5019-3E25-9DFD-61DC88A73245} = {CBEDB429-5019-3E25-9DFD-61DC88A73245}
		{9DE35949-AE23-37EF-86E3-8D30084A5293} = {9DE35949-AE23-37EF-86E3-8D30084A5293}
		{00F55612-ECA0-358A-BB0B-6F5E95C861BD} = {00F55612-ECA0-358A-BB0B-6F5E95C861BD}
		{2B8FD71F-8BB2-384E-8C75-5CA7BC16A8DB} = {2B8FD71F-8BB2-384E-8C75-5CA7BC16A8DB}
		{BAB47A2F-CDBB-39F2-9016-4041637EC0D5} = {BAB47A2F-CDBB-39F2-9016-4041637EC0D5}
		{9FB61E38-713C-323E-BB15-E219883285B8} = {9FB61E38-713C-323E-BB15-E219883285B8}
		{C3F40B87-E901-388F-9918-93EB4103FE57} = {C3F40B87-E901-388F-9918-93EB4103FE57}
		{DECBA443-D9A9-3DD6-91B2-11A2109FC344} = {DECBA443-D9A9-3DD6-91B2-11A2109FC344}
		{C49CC758-FC67-3CA1-A433-47B61F16E24C} = {C49CC758-FC67-3CA1-A433-47B61F16E24C}
	EndProjectSection
EndProject
Project("{8BC9CEB8-8B4A-11D0-8D11-00A0C91BC942}") = "cocos2d", "engine\cocos\core\cocos2d.vcxproj", "{25D74D7B-A4C0-3386-AD87-68324A65ADC1}"
	ProjectSection(ProjectDependencies) = postProject
		{72A23790-F6A6-3B0C-804E-0CF51ADC3A64} = {72A23790-F6A6-3B0C-804E-0CF51ADC3A64}
		{BD822218-BA25-312A-BCF1-62A082531591} = {BD822218-BA25-312A-BCF1-62A082531591}
		{4D102DDE-2C2E-377F-8747-0A4060841D99} = {4D102DDE-2C2E-377F-8747-0A4060841D99}
		{CBEDB429-5019-3E25-9DFD-61DC88A73245} = {CBEDB429-5019-3E25-9DFD-61DC88A73245}
		{9DE35949-AE23-37EF-86E3-8D30084A5293} = {9DE35949-AE23-37EF-86E3-8D30084A5293}
		{00F55612-ECA0-358A-BB0B-6F5E95C861BD} = {00F55612-ECA0-358A-BB0B-6F5E95C861BD}
		{2B8FD71F-8BB2-384E-8C75-5CA7BC16A8DB} = {2B8FD71F-8BB2-384E-8C75-5CA7BC16A8DB}
		{BAB47A2F-CDBB-39F2-9016-4041637EC0D5} = {BAB47A2F-CDBB-39F2-9016-4041637EC0D5}
		{9FB61E38-713C-323E-BB15-E219883285B8} = {9FB61E38-713C-323E-BB15-E219883285B8}
		{C3F40B87-E901-388F-9918-93EB4103FE57} = {C3F40B87-E901-388F-9918-93EB4103FE57}
		{DECBA443-D9A9-3DD6-91B2-11A2109FC344} = {DECBA443-D9A9-3DD6-91B2-11A2109FC344}
		{C49CC758-FC67-3CA1-A433-47B61F16E24C} = {C49CC758-FC67-3CA1-A433-47B61F16E24C}
	EndProjectSection
EndProject
Project("{8BC9CEB8-8B4A-11D0-8D11-00A0C91BC942}") = "ext_clipper", "engine\external\clipper\ext_clipper.vcxproj", "{BD822218-BA25-312A-BCF1-62A082531591}"
	ProjectSection(ProjectDependencies) = postProject
		{72A23790-F6A6-3B0C-804E-0CF51ADC3A64} = {72A23790-F6A6-3B0C-804E-0CF51ADC3A64}
	EndProjectSection
EndProject
Project("{8BC9CEB8-8B4A-11D0-8D11-00A0C91BC942}") = "ext_convertUTF", "engine\external\ConvertUTF\ext_convertUTF.vcxproj", "{4D102DDE-2C2E-377F-8747-0A4060841D99}"
	ProjectSection(ProjectDependencies) = postProject
		{72A23790-F6A6-3B0C-804E-0CF51ADC3A64} = {72A23790-F6A6-3B0C-804E-0CF51ADC3A64}
	EndProjectSection
EndProject
Project("{8BC9CEB8-8B4A-11D0-8D11-00A0C91BC942}") = "ext_edtaa3func", "engine\external\edtaa3func\ext_edtaa3func.vcxproj", "{CBEDB429-5019-3E25-9DFD-61DC88A73245}"
	ProjectSection(ProjectDependencies) = postProject
		{72A23790-F6A6-3B0C-804E-0CF51ADC3A64} = {72A23790-F6A6-3B0C-804E-0CF51ADC3A64}
	EndProjectSection
EndProject
Project("{8BC9CEB8-8B4A-11D0-8D11-00A0C91BC942}") = "ext_md5", "engine\external\md5\ext_md5.vcxproj", "{9DE35949-AE23-37EF-86E3-8D30084A5293}"
	ProjectSection(ProjectDependencies) = postProject
		{72A23790-F6A6-3B0C-804E-0CF51ADC3A64} = {72A23790-F6A6-3B0C-804E-0CF51ADC3A64}
	EndProjectSection
EndProject
Project("{8BC9CEB8-8B4A-11D0-8D11-00A0C91BC942}") = "ext_poly2tri", "engine\external\poly2tri\ext_poly2tri.vcxproj", "{00F55612-ECA0-358A-BB0B-6F5E95C861BD}"
	ProjectSection(ProjectDependencies) = postProject
		{72A23790-F6A6-3B0C-804E-0CF51ADC3A64} = {72A23790-F6A6-3B0C-804E-0CF51ADC3A64}
	EndProjectSection
EndProject
Project("{8BC9CEB8-8B4A-11D0-8D11-00A0C91BC942}") = "ext_recast", "engine\external\recast\ext_recast.vcxproj", "{2B8FD71F-8BB2-384E-8C75-5CA7BC16A8DB}"
	ProjectSection(ProjectDependencies) = postProject
		{72A23790-F6A6-3B0C-804E-0CF51ADC3A64} = {72A23790-F6A6-3B0C-804E-0CF51ADC3A64}
	EndProjectSection
EndProject
Project("{8BC9CEB8-8B4A-11D0-8D11-00A0C91BC942}") = "ext_tinyxml2", "engine\external\tinyxml2\ext_tinyxml2.vcxproj", "{BAB47A2F-CDBB-39F2-9016-4041637EC0D5}"
	ProjectSection(ProjectDependencies) = postProject
		{72A23790-F6A6-3B0C-804E-0CF51ADC3A64} = {72A23790-F6A6-3B0C-804E-0CF51ADC3A64}
	EndProjectSection
EndProject
Project("{8BC9CEB8-8B4A-11D0-8D11-00A0C91BC942}") = "ext_unzip", "engine\external\unzip\ext_unzip.vcxproj", "{9FB61E38-713C-323E-BB15-E219883285B8}"
	ProjectSection(ProjectDependencies) = postProject
		{72A23790-F6A6-3B0C-804E-0CF51ADC3A64} = {72A23790-F6A6-3B0C-804E-0CF51ADC3A64}
	EndProjectSection
EndProject
Project("{8BC9CEB8-8B4A-11D0-8D11-00A0C91BC942}") = "ext_xxhash", "engine\external\xxhash\ext_xxhash.vcxproj", "{C3F40B87-E901-388F-9918-93EB4103FE57}"
	ProjectSection(ProjectDependencies) = postProject
		{72A23790-F6A6-3B0C-804E-0CF51ADC3A64} = {72A23790-F6A6-3B0C-804E-0CF51ADC3A64}
	EndProjectSection
EndProject
Project("{8BC9CEB8-8B4A-11D0-8D11-00A0C91BC942}") = "ext_xxtea", "engine\external\xxtea\ext_xxtea.vcxproj", "{DECBA443-D9A9-3DD6-91B2-11A2109FC344}"
	ProjectSection(ProjectDependencies) = postProject
		{72A23790-F6A6-3B0C-804E-0CF51ADC3A64} = {72A23790-F6A6-3B0C-804E-0CF51ADC3A64}
	EndProjectSection
EndProject
Project("{8BC9CEB8-8B4A-11D0-8D11-00A0C91BC942}") = "external", "engine\external\external.vcxproj", "{C49CC758-FC67-3CA1-A433-47B61F16E24C}"
	ProjectSection(ProjectDependencies) = postProject
		{72A23790-F6A6-3B0C-804E-0CF51ADC3A64} = {72A23790-F6A6-3B0C-804E-0CF51ADC3A64}
		{BD822218-BA25-312A-BCF1-62A082531591} = {BD822218-BA25-312A-BCF1-62A082531591}
		{4D102DDE-2C2E-377F-8747-0A4060841D99} = {4D102DDE-2C2E-377F-8747-0A4060841D99}
		{CBEDB429-5019-3E25-9DFD-61DC88A73245} = {CBEDB429-5019-3E25-9DFD-61DC88A73245}
		{9DE35949-AE23-37EF-86E3-8D30084A5293} = {9DE35949-AE23-37EF-86E3-8D30084A5293}
		{00F55612-ECA0-358A-BB0B-6F5E95C861BD} = {00F55612-ECA0-358A-BB0B-6F5E95C861BD}
		{2B8FD71F-8BB2-384E-8C75-5CA7BC16A8DB} = {2B8FD71F-8BB2-384E-8C75-5CA7BC16A8DB}
		{BAB47A2F-CDBB-39F2-9016-4041637EC0D5} = {BAB47A2F-CDBB-39F2-9016-4041637EC0D5}
		{9FB61E38-713C-323E-BB15-E219883285B8} = {9FB61E38-713C-323E-BB15-E219883285B8}
		{C3F40B87-E901-388F-9918-93EB4103FE57} = {C3F40B87-E901-388F-9918-93EB4103FE57}
		{DECBA443-D9A9-3DD6-91B2-11A2109FC344} = {DECBA443-D9A9-3DD6-91B2-11A2109FC344}
	EndProjectSection
EndProject
Global
	GlobalSection(SolutionConfigurationPlatforms) = preSolution
		Debug|Win32 = Debug|Win32
		Release|Win32 = Release|Win32
		MinSizeRel|Win32 = MinSizeRel|Win32
		RelWithDebInfo|Win32 = RelWithDebInfo|Win32
	EndGlobalSection
	GlobalSection(ProjectConfigurationPlatforms) = postSolution
		{29D57B14-5247-3761-875B-544193A28881}.Debug|Win32.ActiveCfg = Debug|Win32
		{29D57B14-5247-3761-875B-544193A28881}.Release|Win32.ActiveCfg = Release|Win32
		{29D57B14-5247-3761-875B-544193A28881}.MinSizeRel|Win32.ActiveCfg = MinSizeRel|Win32
		{29D57B14-5247-3761-875B-544193A28881}.RelWithDebInfo|Win32.ActiveCfg = RelWithDebInfo|Win32
		{DC3F1E44-31AE-3619-A260-E90AF9DB7BFD}.Debug|Win32.ActiveCfg = Debug|Win32
		{DC3F1E44-31AE-3619-A260-E90AF9DB7BFD}.Debug|Win32.Build.0 = Debug|Win32
		{DC3F1E44-31AE-3619-A260-E90AF9DB7BFD}.Release|Win32.ActiveCfg = Release|Win32
		{DC3F1E44-31AE-3619-A260-E90AF9DB7BFD}.Release|Win32.Build.0 = Release|Win32
		{DC3F1E44-31AE-3619-A260-E90AF9DB7BFD}.MinSizeRel|Win32.ActiveCfg = MinSizeRel|Win32
		{DC3F1E44-31AE-3619-A260-E90AF9DB7BFD}.MinSizeRel|Win32.Build.0 = MinSizeRel|Win32
		{DC3F1E44-31AE-3619-A260-E90AF9DB7BFD}.RelWithDebInfo|Win32.ActiveCfg = RelWithDebInfo|Win32
		{DC3F1E44-31AE-3619-A260-E90AF9DB7BFD}.RelWithDebInfo|Win32.Build.0 = RelWithDebInfo|Win32
		{72A23790-F6A6-3B0C-804E-0CF51ADC3A64}.Debug|Win32.ActiveCfg = Debug|Win32
		{72A23790-F6A6-3B0C-804E-0CF51ADC3A64}.Debug|Win32.Build.0 = Debug|Win32
		{72A23790-F6A6-3B0C-804E-0CF51ADC3A64}.Release|Win32.ActiveCfg = Release|Win32
		{72A23790-F6A6-3B0C-804E-0CF51ADC3A64}.Release|Win32.Build.0 = Release|Win32
		{72A23790-F6A6-3B0C-804E-0CF51ADC3A64}.MinSizeRel|Win32.ActiveCfg = MinSizeRel|Win32
		{72A23790-F6A6-3B0C-804E-0CF51ADC3A64}.MinSizeRel|Win32.Build.0 = MinSizeRel|Win32
		{72A23790-F6A6-3B0C-804E-0CF51ADC3A64}.RelWithDebInfo|Win32.ActiveCfg = RelWithDebInfo|Win32
		{72A23790-F6A6-3B0C-804E-0CF51ADC3A64}.RelWithDebInfo|Win32.Build.0 = RelWithDebInfo|Win32
		{03260A89-ED16-37F8-B523-B903F752AB25}.Debug|Win32.ActiveCfg = Debug|Win32
		{03260A89-ED16-37F8-B523-B903F752AB25}.Debug|Win32.Build.0 = Debug|Win32
		{03260A89-ED16-37F8-B523-B903F752AB25}.Release|Win32.ActiveCfg = Release|Win32
		{03260A89-ED16-37F8-B523-B903F752AB25}.Release|Win32.Build.0 = Release|Win32
		{03260A89-ED16-37F8-B523-B903F752AB25}.MinSizeRel|Win32.ActiveCfg = MinSizeRel|Win32
		{03260A89-ED16-37F8-B523-B903F752AB25}.MinSizeRel|Win32.Build.0 = MinSizeRel|Win32
		{03260A89-ED16-37F8-B523-B903F752AB25}.RelWithDebInfo|Win32.ActiveCfg = RelWithDebInfo|Win32
		{03260A89-ED16-37F8-B523-B903F752AB25}.RelWithDebInfo|Win32.Build.0 = RelWithDebInfo|Win32
		{25D74D7B-A4C0-3386-AD87-68324A65ADC1}.Debug|Win32.ActiveCfg = Debug|Win32
		{25D74D7B-A4C0-3386-AD87-68324A65ADC1}.Debug|Win32.Build.0 = Debug|Win32
		{25D74D7B-A4C0-3386-AD87-68324A65ADC1}.Release|Win32.ActiveCfg = Release|Win32
		{25D74D7B-A4C0-3386-AD87-68324A65ADC1}.Release|Win32.Build.0 = Release|Win32
		{25D74D7B-A4C0-3386-AD87-68324A65ADC1}.MinSizeRel|Win32.ActiveCfg = MinSizeRel|Win32
		{25D74D7B-A4C0-3386-AD87-68324A65ADC1}.MinSizeRel|Win32.Build.0 = MinSizeRel|Win32
		{25D74D7B-A4C0-3386-AD87-68324A65ADC1}.RelWithDebInfo|Win32.ActiveCfg = RelWithDebInfo|Win32
		{25D74D7B-A4C0-3386-AD87-68324A65ADC1}.RelWithDebInfo|Win32.Build.0 = RelWithDebInfo|Win32
		{BD822218-BA25-312A-BCF1-62A082531591}.Debug|Win32.ActiveCfg = Debug|Win32
		{BD822218-BA25-312A-BCF1-62A082531591}.Debug|Win32.Build.0 = Debug|Win32
		{BD822218-BA25-312A-BCF1-62A082531591}.Release|Win32.ActiveCfg = Release|Win32
		{BD822218-BA25-312A-BCF1-62A082531591}.Release|Win32.Build.0 = Release|Win32
		{BD822218-BA25-312A-BCF1-62A082531591}.MinSizeRel|Win32.ActiveCfg = MinSizeRel|Win32
		{BD822218-BA25-312A-BCF1-62A082531591}.MinSizeRel|Win32.Build.0 = MinSizeRel|Win32
		{BD822218-BA25-312A-BCF1-62A082531591}.RelWithDebInfo|Win32.ActiveCfg = RelWithDebInfo|Win32
		{BD822218-BA25-312A-BCF1-62A082531591}.RelWithDebInfo|Win32.Build.0 = RelWithDebInfo|Win32
		{4D102DDE-2C2E-377F-8747-0A4060841D99}.Debug|Win32.ActiveCfg = Debug|Win32
		{4D102DDE-2C2E-377F-8747-0A4060841D99}.Debug|Win32.Build.0 = Debug|Win32
		{4D102DDE-2C2E-377F-8747-0A4060841D99}.Release|Win32.ActiveCfg = Release|Win32
		{4D102DDE-2C2E-377F-8747-0A4060841D99}.Release|Win32.Build.0 = Release|Win32
		{4D102DDE-2C2E-377F-8747-0A4060841D99}.MinSizeRel|Win32.ActiveCfg = MinSizeRel|Win32
		{4D102DDE-2C2E-377F-8747-0A4060841D99}.MinSizeRel|Win32.Build.0 = MinSizeRel|Win32
		{4D102DDE-2C2E-377F-8747-0A4060841D99}.RelWithDebInfo|Win32.ActiveCfg = RelWithDebInfo|Win32
		{4D102DDE-2C2E-377F-8747-0A4060841D99}.RelWithDebInfo|Win32.Build.0 = RelWithDebInfo|Win32
		{CBEDB429-5019-3E25-9DFD-61DC88A73245}.Debug|Win32.ActiveCfg = Debug|Win32
		{CBEDB429-5019-3E25-9DFD-61DC88A73245}.Debug|Win32.Build.0 = Debug|Win32
		{CBEDB429-5019-3E25-9DFD-61DC88A73245}.Release|Win32.ActiveCfg = Release|Win32
		{CBEDB429-5019-3E25-9DFD-61DC88A73245}.Release|Win32.Build.0 = Release|Win32
		{CBEDB429-5019-3E25-9DFD-61DC88A73245}.MinSizeRel|Win32.ActiveCfg = MinSizeRel|Win32
		{CBEDB429-5019-3E25-9DFD-61DC88A73245}.MinSizeRel|Win32.Build.0 = MinSizeRel|Win32
		{CBEDB429-5019-3E25-9DFD-61DC88A73245}.RelWithDebInfo|Win32.ActiveCfg = RelWithDebInfo|Win32
		{CBEDB429-5019-3E25-9DFD-61DC88A73245}.RelWithDebInfo|Win32.Build.0 = RelWithDebInfo|Win32
		{9DE35949-AE23-37EF-86E3-8D30084A5293}.Debug|Win32.ActiveCfg = Debug|Win32
		{9DE35949-AE23-37EF-86E3-8D30084A5293}.Debug|Win32.Build.0 = Debug|Win32
		{9DE35949-AE23-37EF-86E3-8D30084A5293}.Release|Win32.ActiveCfg = Release|Win32
		{9DE35949-AE23-37EF-86E3-8D30084A5293}.Release|Win32.Build.0 = Release|Win32
		{9DE35949-AE23-37EF-86E3-8D30084A5293}.MinSizeRel|Win32.ActiveCfg = MinSizeRel|Win32
		{9DE35949-AE23-37EF-86E3-8D30084A5293}.MinSizeRel|Win32.Build.0 = MinSizeRel|Win32
		{9DE35949-AE23-37EF-86E3-8D30084A5293}.RelWithDebInfo|Win32.ActiveCfg = RelWithDebInfo|Win32
		{9DE35949-AE23-37EF-86E3-8D30084A5293}.RelWithDebInfo|Win32.Build.0 = RelWithDebInfo|Win32
		{00F55612-ECA0-358A-BB0B-6F5E95C861BD}.Debug|Win32.ActiveCfg = Debug|Win32
		{00F55612-ECA0-358A-BB0B-6F5E95C861BD}.Debug|Win32.Build.0 = Debug|Win32
		{00F55612-ECA0-358A-BB0B-6F5E95C861BD}.Release|Win32.ActiveCfg = Release|Win32
		{00F55612-ECA0-358A-BB0B-6F5E95C861BD}.Release|Win32.Build.0 = Release|Win32
		{00F55612-ECA0-358A-BB0B-6F5E95C861BD}.MinSizeRel|Win32.ActiveCfg = MinSizeRel|Win32
		{00F55612-ECA0-358A-BB0B-6F5E95C861BD}.MinSizeRel|Win32.Build.0 = MinSizeRel|Win32
		{00F55612-ECA0-358A-BB0B-6F5E95C861BD}.RelWithDebInfo|Win32.ActiveCfg = RelWithDebInfo|Win32
		{00F55612-ECA0-358A-BB0B-6F5E95C861BD}.RelWithDebInfo|Win32.Build.0 = RelWithDebInfo|Win32
		{2B8FD71F-8BB2-384E-8C75-5CA7BC16A8DB}.Debug|Win32.ActiveCfg = Debug|Win32
		{2B8FD71F-8BB2-384E-8C75-5CA7BC16A8DB}.Debug|Win32.Build.0 = Debug|Win32
		{2B8FD71F-8BB2-384E-8C75-5CA7BC16A8DB}.Release|Win32.ActiveCfg = Release|Win32
		{2B8FD71F-8BB2-384E-8C75-5CA7BC16A8DB}.Release|Win32.Build.0 = Release|Win32
		{2B8FD71F-8BB2-384E-8C75-5CA7BC16A8DB}.MinSizeRel|Win32.ActiveCfg = MinSizeRel|Win32
		{2B8FD71F-8BB2-384E-8C75-5CA7BC16A8DB}.MinSizeRel|Win32.Build.0 = MinSizeRel|Win32
		{2B8FD71F-8BB2-384E-8C75-5CA7BC16A8DB}.RelWithDebInfo|Win32.ActiveCfg = RelWithDebInfo|Win32
		{2B8FD71F-8BB2-384E-8C75-5CA7BC16A8DB}.RelWithDebInfo|Win32.Build.0 = RelWithDebInfo|Win32
		{BAB47A2F-CDBB-39F2-9016-4041637EC0D5}.Debug|Win32.ActiveCfg = Debug|Win32
		{BAB47A2F-CDBB-39F2-9016-4041637EC0D5}.Debug|Win32.Build.0 = Debug|Win32
		{BAB47A2F-CDBB-39F2-9016-4041637EC0D5}.Release|Win32.ActiveCfg = Release|Win32
		{BAB47A2F-CDBB-39F2-9016-4041637EC0D5}.Release|Win32.Build.0 = Release|Win32
		{BAB47A2F-CDBB-39F2-9016-4041637EC0D5}.MinSizeRel|Win32.ActiveCfg = MinSizeRel|Win32
		{BAB47A2F-CDBB-39F2-9016-4041637EC0D5}.MinSizeRel|Win32.Build.0 = MinSizeRel|Win32
		{BAB47A2F-CDBB-39F2-9016-4041637EC0D5}.RelWithDebInfo|Win32.ActiveCfg = RelWithDebInfo|Win32
		{BAB47A2F-CDBB-39F2-9016-4041637EC0D5}.RelWithDebInfo|Win32.Build.0 = RelWithDebInfo|Win32
		{9FB61E38-713C-323E-BB15-E219883285B8}.Debug|Win32.ActiveCfg = Debug|Win32
		{9FB61E38-713C-323E-BB15-E219883285B8}.Debug|Win32.Build.0 = Debug|Win32
		{9FB61E38-713C-323E-BB15-E219883285B8}.Release|Win32.ActiveCfg = Release|Win32
		{9FB61E38-713C-323E-BB15-E219883285B8}.Release|Win32.Build.0 = Release|Win32
		{9FB61E38-713C-323E-BB15-E219883285B8}.MinSizeRel|Win32.ActiveCfg = MinSizeRel|Win32
		{9FB61E38-713C-323E-BB15-E219883285B8}.MinSizeRel|Win32.Build.0 = MinSizeRel|Win32
		{9FB61E38-713C-323E-BB15-E219883285B8}.RelWithDebInfo|Win32.ActiveCfg = RelWithDebInfo|Win32
		{9FB61E38-713C-323E-BB15-E219883285B8}.RelWithDebInfo|Win32.Build.0 = RelWithDebInfo|Win32
		{C3F40B87-E901-388F-9918-93EB4103FE57}.Debug|Win32.ActiveCfg = Debug|Win32
		{C3F40B87-E901-388F-9918-93EB4103FE57}.Debug|Win32.Build.0 = Debug|Win32
		{C3F40B87-E901-388F-9918-93EB4103FE57}.Release|Win32.ActiveCfg = Release|Win32
		{C3F40B87-E901-388F-9918-93EB4103FE57}.Release|Win32.Build.0 = Release|Win32
		{C3F40B87-E901-388F-9918-93EB4103FE57}.MinSizeRel|Win32.ActiveCfg = MinSizeRel|Win32
		{C3F40B87-E901-388F-9918-93EB4103FE57}.MinSizeRel|Win32.Build.0 = MinSizeRel|Win32
		{C3F40B87-E901-388F-9918-93EB4103FE57}.RelWithDebInfo|Win32.ActiveCfg = RelWithDebInfo|Win32
		{C3F40B87-E901-388F-9918-93EB4103FE57}.RelWithDebInfo|Win32.Build.0 = RelWithDebInfo|Win32
		{DECBA443-D9A9-3DD6-91B2-11A2109FC344}.Debug|Win32.ActiveCfg = Debug|Win32
		{DECBA443-D9A9-3DD6-91B2-11A2109FC344}.Debug|Win32.Build.0 = Debug|Win32
		{DECBA443-D9A9-3DD6-91B2-11A2109FC344}.Release|Win32.ActiveCfg = Release|Win32
		{DECBA443-D9A9-3DD6-91B2-11A2109FC344}.Release|Win32.Build.0 = Release|Win32
		{DECBA443-D9A9-3DD6-91B2-11A2109FC344}.MinSizeRel|Win32.ActiveCfg = MinSizeRel|Win32
		{DECBA443-D9A9-3DD6-91B2-11A2109FC344}.MinSizeRel|Win32.Build.0 = MinSizeRel|Win32
		{DECBA443-D9A9-3DD6-91B2-11A2109FC344}.RelWithDebInfo|Win32.ActiveCfg = RelWithDebInfo|Win32
		{DECBA443-D9A9-3DD6-91B2-11A2109FC344}.RelWithDebInfo|Win32.Build.0 = RelWithDebInfo|Win32
		{C49CC758-FC67-3CA1-A433-47B61F16E24C}.Debug|Win32.ActiveCfg = Debug|Win32
		{C49CC758-FC67-3CA1-A433-47B61F16E24C}.Debug|Win32.Build.0 = Debug|Win32
		{C49CC758-FC67-3CA1-A433-47B61F16E24C}.Release|Win32.ActiveCfg = Release|Win32
		{C49CC758-FC67-3CA1-A433-47B61F16E24C}.Release|Win32.Build.0 = Release|Win32
		{C49CC758-FC67-3CA1-A433-47B61F16E24C}.MinSizeRel|Win32.ActiveCfg = MinSizeRel|Win32
		{C49CC758-FC67-3CA1-A433-47B61F16E24C}.MinSizeRel|Win32.Build.0 = MinSizeRel|Win32
		{C49CC758-FC67-3CA1-A433-47B61F16E24C}.RelWithDebInfo|Win32.ActiveCfg = RelWithDebInfo|Win32
		{C49CC758-FC67-3CA1-A433-47B61F16E24C}.RelWithDebInfo|Win32.Build.0 = RelWithDebInfo|Win32
	EndGlobalSection
	GlobalSection(NestedProjects) = preSolution
		{29D57B14-5247-3761-875B-544193A28881} = {9B0BFE13-0AB8-3C12-8F1D-30027BE1E070}
		{72A23790-F6A6-3B0C-804E-0CF51ADC3A64} = {9B0BFE13-0AB8-3C12-8F1D-30027BE1E070}
		{BD822218-BA25-312A-BCF1-62A082531591} = {4C14D541-AB69-3CB1-B494-9E21BA14861C}
		{4D102DDE-2C2E-377F-8747-0A4060841D99} = {4C14D541-AB69-3CB1-B494-9E21BA14861C}
		{CBEDB429-5019-3E25-9DFD-61DC88A73245} = {4C14D541-AB69-3CB1-B494-9E21BA14861C}
		{9DE35949-AE23-37EF-86E3-8D30084A5293} = {4C14D541-AB69-3CB1-B494-9E21BA14861C}
		{00F55612-ECA0-358A-BB0B-6F5E95C861BD} = {4C14D541-AB69-3CB1-B494-9E21BA14861C}
		{2B8FD71F-8BB2-384E-8C75-5CA7BC16A8DB} = {4C14D541-AB69-3CB1-B494-9E21BA14861C}
		{BAB47A2F-CDBB-39F2-9016-4041637EC0D5} = {4C14D541-AB69-3CB1-B494-9E21BA14861C}
		{9FB61E38-713C-323E-BB15-E219883285B8} = {4C14D541-AB69-3CB1-B494-9E21BA14861C}
		{C3F40B87-E901-388F-9918-93EB4103FE57} = {4C14D541-AB69-3CB1-B494-9E21BA14861C}
		{DECBA443-D9A9-3DD6-91B2-11A2109FC344} = {4C14D541-AB69-3CB1-B494-9E21BA14861C}
		{C49CC758-FC67-3CA1-A433-47B61F16E24C} = {4C14D541-AB69-3CB1-B494-9E21BA14861C}
		{25D74D7B-A4C0-3386-AD87-68324A65ADC1} = {F7C9B7CD-B298-3D3E-930D-C26526B0D432}
		{DC3F1E44-31AE-3619-A260-E90AF9DB7BFD} = {4465714E-82BB-3851-AC6F-1B2112C52996}
	EndGlobalSection
	GlobalSection(ExtensibilityGlobals) = postSolution
		SolutionGuid = {63ECB026-C37A-3873-B804-D7BEE3383226}
	EndGlobalSection
	GlobalSection(ExtensibilityAddIns) = postSolution
	EndGlobalSection
EndGlobal
